
Microsoft Visual Studio Solution File, Format Version 12.00
# Visual Studio 15
VisualStudioVersion = 15.0.28010.2016
MinimumVisualStudioVersion = 10.0.40219.1
Project("{FAE04EC0-301F-11D3-BF4B-00C04F79EFBC}") = "BookService", "BookService\BookService.csproj", "{010FDFD4-569B-4287-8C4C-74014EAC359E}"
EndProject
Global
	GlobalSection(SolutionConfigurationPlatforms) = preSolution
		Debug|Any CPU = Debug|Any CPU
		Release|Any CPU = Release|Any CPU
	EndGlobalSection
	GlobalSection(ProjectConfigurationPlatforms) = postSolution
		{010FDFD4-569B-4287-8C4C-74014EAC359E}.Debug|Any CPU.ActiveCfg = Debug|Any CPU
		{010FDFD4-569B-4287-8C4C-74014EAC359E}.Debug|Any CPU.Build.0 = Debug|Any CPU
		{010FDFD4-569B-4287-8C4C-74014EAC359E}.Release|Any CPU.ActiveCfg = Release|Any CPU
		{010FDFD4-569B-4287-8C4C-74014EAC359E}.Release|Any CPU.Build.0 = Release|Any CPU
	EndGlobalSection
	GlobalSection(SolutionProperties) = preSolution
		HideSolutionNode = FALSE
	EndGlobalSection
	GlobalSection(ExtensibilityGlobals) = postSolution
		SolutionGuid = {80727F04-BC30-45E6-8736-832B6E40407F}
	EndGlobalSection
EndGlobal
