
Microsoft Visual Studio Solution File, Format Version 12.00
# Visual Studio 15
VisualStudioVersion = 15.0.28010.2003
MinimumVisualStudioVersion = 10.0.40219.1
Project("{FAE04EC0-301F-11D3-BF4B-00C04F79EFBC}") = "HullSpeed", "HullSpeed\HullSpeed.csproj", "{80FC648A-F3D6-468A-A552-03AF9A4A054F}"
EndProject
Global
	GlobalSection(SolutionConfigurationPlatforms) = preSolution
		Debug|Any CPU = Debug|Any CPU
		Release|Any CPU = Release|Any CPU
	EndGlobalSection
	GlobalSection(ProjectConfigurationPlatforms) = postSolution
		{80FC648A-F3D6-468A-A552-03AF9A4A054F}.Debug|Any CPU.ActiveCfg = Debug|Any CPU
		{80FC648A-F3D6-468A-A552-03AF9A4A054F}.Debug|Any CPU.Build.0 = Debug|Any CPU
		{80FC648A-F3D6-468A-A552-03AF9A4A054F}.Release|Any CPU.ActiveCfg = Release|Any CPU
		{80FC648A-F3D6-468A-A552-03AF9A4A054F}.Release|Any CPU.Build.0 = Release|Any CPU
	EndGlobalSection
	GlobalSection(SolutionProperties) = preSolution
		HideSolutionNode = FALSE
	EndGlobalSection
	GlobalSection(ExtensibilityGlobals) = postSolution
		SolutionGuid = {626B5F51-780E-4E84-976C-0DB6F9435A6A}
	EndGlobalSection
EndGlobal
