
Microsoft Visual Studio Solution File, Format Version 12.00
# Visual Studio 15
VisualStudioVersion = 15.0.28010.2016
MinimumVisualStudioVersion = 10.0.40219.1
Project("{00D1A9C2-B5F0-4AF3-8072-F6C62B433612}") = "HandIn2_Personkartotek", "HandIn2_Personkartotek\HandIn2_Personkartotek.sqlproj", "{4FAE50E5-2F7D-4C3A-966F-2B3E9E385374}"
EndProject
Project("{FAE04EC0-301F-11D3-BF4B-00C04F79EFBC}") = "Personkartotek", "Personkartotek\Personkartotek.csproj", "{1DD7FF03-A773-40E4-AD08-4DA06DE094EE}"
EndProject
Global
	GlobalSection(SolutionConfigurationPlatforms) = preSolution
		Debug|Any CPU = Debug|Any CPU
		Release|Any CPU = Release|Any CPU
	EndGlobalSection
	GlobalSection(ProjectConfigurationPlatforms) = postSolution
		{4FAE50E5-2F7D-4C3A-966F-2B3E9E385374}.Debug|Any CPU.ActiveCfg = Debug|Any CPU
		{4FAE50E5-2F7D-4C3A-966F-2B3E9E385374}.Debug|Any CPU.Build.0 = Debug|Any CPU
		{4FAE50E5-2F7D-4C3A-966F-2B3E9E385374}.Debug|Any CPU.Deploy.0 = Debug|Any CPU
		{4FAE50E5-2F7D-4C3A-966F-2B3E9E385374}.Release|Any CPU.ActiveCfg = Release|Any CPU
		{4FAE50E5-2F7D-4C3A-966F-2B3E9E385374}.Release|Any CPU.Build.0 = Release|Any CPU
		{4FAE50E5-2F7D-4C3A-966F-2B3E9E385374}.Release|Any CPU.Deploy.0 = Release|Any CPU
		{1DD7FF03-A773-40E4-AD08-4DA06DE094EE}.Debug|Any CPU.ActiveCfg = Debug|Any CPU
		{1DD7FF03-A773-40E4-AD08-4DA06DE094EE}.Debug|Any CPU.Build.0 = Debug|Any CPU
		{1DD7FF03-A773-40E4-AD08-4DA06DE094EE}.Release|Any CPU.ActiveCfg = Release|Any CPU
		{1DD7FF03-A773-40E4-AD08-4DA06DE094EE}.Release|Any CPU.Build.0 = Release|Any CPU
	EndGlobalSection
	GlobalSection(SolutionProperties) = preSolution
		HideSolutionNode = FALSE
	EndGlobalSection
	GlobalSection(ExtensibilityGlobals) = postSolution
		SolutionGuid = {B18E2663-1097-43F8-BBCD-1B0A59AEF8D9}
	EndGlobalSection
EndGlobal
