
Microsoft Visual Studio Solution File, Format Version 12.00
# Visual Studio 15
VisualStudioVersion = 15.0.28010.2003
MinimumVisualStudioVersion = 10.0.40219.1
Project("{FAE04EC0-301F-11D3-BF4B-00C04F79EFBC}") = "SuperSorter", "SuperSorter\SuperSorter.csproj", "{7DAAADF0-F2A2-4D91-A491-363D23BF0E6D}"
EndProject
Project("{FAE04EC0-301F-11D3-BF4B-00C04F79EFBC}") = "SuperSorterApp", "SuperSorterApp\SuperSorterApp.csproj", "{8A789F91-2F3F-40E3-AB6A-BD9D7F084AC7}"
EndProject
Global
	GlobalSection(SolutionConfigurationPlatforms) = preSolution
		Debug|Any CPU = Debug|Any CPU
		Release|Any CPU = Release|Any CPU
	EndGlobalSection
	GlobalSection(ProjectConfigurationPlatforms) = postSolution
		{7DAAADF0-F2A2-4D91-A491-363D23BF0E6D}.Debug|Any CPU.ActiveCfg = Debug|Any CPU
		{7DAAADF0-F2A2-4D91-A491-363D23BF0E6D}.Debug|Any CPU.Build.0 = Debug|Any CPU
		{7DAAADF0-F2A2-4D91-A491-363D23BF0E6D}.Release|Any CPU.ActiveCfg = Release|Any CPU
		{7DAAADF0-F2A2-4D91-A491-363D23BF0E6D}.Release|Any CPU.Build.0 = Release|Any CPU
		{8A789F91-2F3F-40E3-AB6A-BD9D7F084AC7}.Debug|Any CPU.ActiveCfg = Debug|Any CPU
		{8A789F91-2F3F-40E3-AB6A-BD9D7F084AC7}.Debug|Any CPU.Build.0 = Debug|Any CPU
		{8A789F91-2F3F-40E3-AB6A-BD9D7F084AC7}.Release|Any CPU.ActiveCfg = Release|Any CPU
		{8A789F91-2F3F-40E3-AB6A-BD9D7F084AC7}.Release|Any CPU.Build.0 = Release|Any CPU
	EndGlobalSection
	GlobalSection(SolutionProperties) = preSolution
		HideSolutionNode = FALSE
	EndGlobalSection
	GlobalSection(ExtensibilityGlobals) = postSolution
		SolutionGuid = {29669F77-7BF9-49BB-B693-27D773FBA83B}
	EndGlobalSection
EndGlobal
